<?xml version="1.0" encoding="utf-8"?>
<Project ToolsVersion="4.0" xmlns="http://schemas.microsoft.com/developer/msbuild/2003">
  <ItemGroup>
    <Filter Include="Source Files">
      <UniqueIdentifier>{4FC737F1-C7A5-4376-A066-2A32D752A2FF}</UniqueIdentifier>
      <Extensions>cpp;c;cc;cxx;def;odl;idl;hpj;bat;asm;asmx</Extensions>
    </Filter>
    <Filter Include="Header Files">
      <UniqueIdentifier>{93995380-89BD-4b04-88EB-625FBE52EBFB}</UniqueIdentifier>
      <Extensions>h;hh;hpp;hxx;hm;inl;inc;xsd</Extensions>
    </Filter>
    <Filter Include="Resource Files">
      <UniqueIdentifier>{67DA6AB6-F800-4c08-8B7A-83BB121AAD01}</UniqueIdentifier>
      <Extensions>rc;ico;cur;bmp;dlg;rc2;rct;bin;rgs;gif;jpg;jpeg;jpe;resx;tiff;tif;png;wav;mfcribbon-ms</Extensions>
    </Filter>
    <Filter Include="Source Files\States">
      <UniqueIdentifier>{bd1fdef3-b799-4be5-8012-cbb42e1ecdc3}</UniqueIdentifier>
    </Filter>
    <Filter Include="Source Files\Models">
      <UniqueIdentifier>{3c2e660e-1baf-4007-ae52-38c597966804}</UniqueIdentifier>
    </Filter>
    <Filter Include="Source Files\Graph">
      <UniqueIdentifier>{cf00b5d1-12f6-473e-852f-378df3e04549}</UniqueIdentifier>
    </Filter>
    <Filter Include="Header Files\Graph">
      <UniqueIdentifier>{66b057db-6c6a-4d22-aad8-f72480e132dc}</UniqueIdentifier>
    </Filter>
    <Filter Include="Header Files\Models">
      <UniqueIdentifier>{b33f880f-6348-4522-b401-a60bcfa852a6}</UniqueIdentifier>
    </Filter>
    <Filter Include="Header Files\States">
      <UniqueIdentifier>{2b5052a9-2449-4d40-b36d-b283c82aa5e0}</UniqueIdentifier>
    </Filter>
  </ItemGroup>
  <ItemGroup>
    <Text Include="ReadMe.txt" />
  </ItemGroup>
  <ItemGroup>
    <ClInclude Include="stdafx.h">
      <Filter>Header Files</Filter>
    </ClInclude>
    <ClInclude Include="targetver.h">
      <Filter>Header Files</Filter>
    </ClInclude>
    <ClInclude Include="Edge.h">
      <Filter>Header Files\Graph</Filter>
    </ClInclude>
    <ClInclude Include="Graph_A_star.h">
      <Filter>Header Files\Graph</Filter>
    </ClInclude>
    <ClInclude Include="Graph.h">
      <Filter>Header Files\Graph</Filter>
    </ClInclude>
    <ClInclude Include="Vertex.h">
      <Filter>Header Files\Graph</Filter>
    </ClInclude>
    <ClInclude Include="Bunny.h">
      <Filter>Header Files\Models</Filter>
    </ClInclude>
    <ClInclude Include="Cow.h">
      <Filter>Header Files\Models</Filter>
    </ClInclude>
    <ClInclude Include="Weapon.h">
      <Filter>Header Files\Models</Filter>
    </ClInclude>
    <ClInclude Include="Pill.h">
      <Filter>Header Files\Models</Filter>
    </ClInclude>
    <ClInclude Include="FleeState.h">
      <Filter>Header Files\States</Filter>
    </ClInclude>
    <ClInclude Include="SearchEnemyState.h">
      <Filter>Header Files\States</Filter>
    </ClInclude>
    <ClInclude Include="SearchPillState.h">
      <Filter>Header Files\States</Filter>
    </ClInclude>
    <ClInclude Include="SearchWeaponState.h">
      <Filter>Header Files\States</Filter>
    </ClInclude>
    <ClInclude Include="State.h">
      <Filter>Header Files\States</Filter>
    </ClInclude>
    <ClInclude Include="StateFactory.h">
      <Filter>Header Files\States</Filter>
    </ClInclude>
    <ClInclude Include="WanderState.h">
      <Filter>Header Files\States</Filter>
    </ClInclude>
  </ItemGroup>
  <ItemGroup>
    <ClCompile Include="stdafx.cpp">
      <Filter>Source Files</Filter>
    </ClCompile>
    <ClCompile Include="kmint.cpp">
      <Filter>Source Files</Filter>
    </ClCompile>
    <ClCompile Include="SearchEnemyState.cpp">
      <Filter>Source Files\States</Filter>
    </ClCompile>
    <ClCompile Include="SearchPillState.cpp">
      <Filter>Source Files\States</Filter>
    </ClCompile>
    <ClCompile Include="StateFactory.cpp">
      <Filter>Source Files\States</Filter>
    </ClCompile>
    <ClCompile Include="State.cpp">
      <Filter>Source Files\States</Filter>
    </ClCompile>
    <ClCompile Include="WanderState.cpp">
      <Filter>Source Files\States</Filter>
    </ClCompile>
    <ClCompile Include="Bunny.cpp">
      <Filter>Source Files\Models</Filter>
    </ClCompile>
    <ClCompile Include="Cow.cpp">
      <Filter>Source Files\Models</Filter>
    </ClCompile>
    <ClCompile Include="Pill.cpp">
      <Filter>Source Files\Models</Filter>
    </ClCompile>
    <ClCompile Include="Weapon.cpp">
      <Filter>Source Files\Models</Filter>
    </ClCompile>
    <ClCompile Include="Edge.cpp">
      <Filter>Source Files\Graph</Filter>
    </ClCompile>
    <ClCompile Include="Graph.cpp">
      <Filter>Source Files\Graph</Filter>
    </ClCompile>
    <ClCompile Include="Graph_A_star.cpp">
      <Filter>Source Files\Graph</Filter>
    </ClCompile>
    <ClCompile Include="Vertex.cpp">
      <Filter>Source Files\Graph</Filter>
    </ClCompile>
    <ClCompile Include="SearchWeaponState.cpp">
      <Filter>Source Files\States</Filter>
    </ClCompile>
    <ClCompile Include="FleeState.cpp">
      <Filter>Source Files\States</Filter>
    </ClCompile>
  </ItemGroup>
</Project>