<?xml version="1.0" encoding="utf-8"?>
<Project ToolsVersion="4.0" xmlns="http://schemas.microsoft.com/developer/msbuild/2003">
  <ItemGroup>
    <Filter Include="Source Files">
      <UniqueIdentifier>{4FC737F1-C7A5-4376-A066-2A32D752A2FF}</UniqueIdentifier>
      <Extensions>cpp;c;cc;cxx;def;odl;idl;hpj;bat;asm;asmx</Extensions>
    </Filter>
    <Filter Include="Header Files">
      <UniqueIdentifier>{93995380-89BD-4b04-88EB-625FBE52EBFB}</UniqueIdentifier>
      <Extensions>h;hh;hpp;hxx;hm;inl;inc;xsd</Extensions>
    </Filter>
    <Filter Include="Week1">
      <UniqueIdentifier>{6469432c-2a1e-411f-a745-f6b8fe556dad}</UniqueIdentifier>
    </Filter>
    <Filter Include="States">
      <UniqueIdentifier>{c46257f2-7a80-4f23-a5ec-aae84d7d11ba}</UniqueIdentifier>
    </Filter>
    <Filter Include="GameObjects">
      <UniqueIdentifier>{775f161e-5809-4430-8ada-2ab1d29cbd83}</UniqueIdentifier>
    </Filter>
  </ItemGroup>
  <ItemGroup>
    <ClCompile Include="Main.cpp">
      <Filter>Source Files</Filter>
    </ClCompile>
    <ClCompile Include="FWApplication.cpp">
      <Filter>Source Files</Filter>
    </ClCompile>
    <ClCompile Include="BaseGameEntity.cpp">
      <Filter>Source Files</Filter>
    </ClCompile>
    <ClCompile Include="MovingEntity.cpp">
      <Filter>Source Files</Filter>
    </ClCompile>
    <ClCompile Include="Vector2D.cpp">
      <Filter>Source Files</Filter>
    </ClCompile>
    <ClCompile Include="GameWorld.cpp">
      <Filter>Source Files</Filter>
    </ClCompile>
    <ClCompile Include="SteeringBehaviors.cpp">
      <Filter>Source Files</Filter>
    </ClCompile>
    <ClCompile Include="Vehicle.cpp">
      <Filter>Source Files</Filter>
    </ClCompile>
    <ClCompile Include="State.cpp">
      <Filter>Source Files</Filter>
    </ClCompile>
    <ClCompile Include="CowStates.cpp">
      <Filter>Source Files</Filter>
    </ClCompile>
    <ClCompile Include="HareStates.cpp">
      <Filter>Source Files</Filter>
    </ClCompile>
    <ClCompile Include="Cow.cpp">
      <Filter>Source Files</Filter>
    </ClCompile>
    <ClCompile Include="Hare.cpp">
      <Filter>Source Files</Filter>
    </ClCompile>
  </ItemGroup>
  <ItemGroup>
    <None Include="SDL2.dll" />
  </ItemGroup>
  <ItemGroup>
    <ClInclude Include="Config.h">
      <Filter>Header Files</Filter>
    </ClInclude>
    <ClInclude Include="FWApplication.h">
      <Filter>Header Files</Filter>
    </ClInclude>
    <ClInclude Include="BaseGameEntity.h">
      <Filter>Header Files</Filter>
    </ClInclude>
    <ClInclude Include="Vector2D.h">
      <Filter>Header Files</Filter>
    </ClInclude>
    <ClInclude Include="SteeringBehaviors.h">
      <Filter>Header Files</Filter>
    </ClInclude>
    <ClInclude Include="CowStates.h">
      <Filter>States</Filter>
    </ClInclude>
    <ClInclude Include="HareStates.h">
      <Filter>States</Filter>
    </ClInclude>
    <ClInclude Include="State.h">
      <Filter>States</Filter>
    </ClInclude>
    <ClInclude Include="StateMachine.h">
      <Filter>States</Filter>
    </ClInclude>
    <ClInclude Include="Vehicle.h">
      <Filter>GameObjects</Filter>
    </ClInclude>
    <ClInclude Include="GameWorld.h">
      <Filter>GameObjects</Filter>
    </ClInclude>
    <ClInclude Include="Hare.h">
      <Filter>GameObjects</Filter>
    </ClInclude>
    <ClInclude Include="IGameObject.h">
      <Filter>GameObjects</Filter>
    </ClInclude>
    <ClInclude Include="Cow.h">
      <Filter>GameObjects</Filter>
    </ClInclude>
    <ClInclude Include="MovingEntity.h">
      <Filter>GameObjects</Filter>
    </ClInclude>
  </ItemGroup>
</Project>